
Microsoft Visual Studio Solution File, Format Version 12.00
# Visual Studio Version 17
VisualStudioVersion = 17.8.34330.188
MinimumVisualStudioVersion = 10.0.40219.1
Project("{9A19103F-16F7-4668-BE54-9A1E7A4F7556}") = "recipe_web", "recipe_web\recipe_web\recipe_web.csproj", "{959D87DD-6590-4B2C-8AB3-6E7D66730401}"
EndProject
Project("{9A19103F-16F7-4668-BE54-9A1E7A4F7556}") = "manager_classes", "manager_classes\manager_classes.csproj", "{04ACE96E-F977-4575-8E39-967C3B2249C5}"
EndProject
Project("{9A19103F-16F7-4668-BE54-9A1E7A4F7556}") = "entity_classes", "entity_classes\entity_classes.csproj", "{B33EC1DD-D600-4813-ACFC-2B0AFAB6FB75}"
EndProject
Project("{9A19103F-16F7-4668-BE54-9A1E7A4F7556}") = "recipe_desktop", "recipe_desktop\recipe_desktop.csproj", "{6C96DEF0-4858-45A0-9BED-04869E6A34CE}"
EndProject
Project("{9A19103F-16F7-4668-BE54-9A1E7A4F7556}") = "exceptions", "exceptions\exceptions.csproj", "{8EF60C26-B731-480D-AA1E-F954FB7EFA81}"
EndProject
Project("{9A19103F-16F7-4668-BE54-9A1E7A4F7556}") = "db_helpers", "db_helpers\db_helpers.csproj", "{DD92DB70-053D-424B-B6E9-BCE8F5634B38}"
EndProject
Project("{9A19103F-16F7-4668-BE54-9A1E7A4F7556}") = "unit_tests", "unit_test\unit_tests.csproj", "{8A3F33A6-5845-4D31-9F42-C4F27A43564B}"
EndProject
Project("{FAE04EC0-301F-11D3-BF4B-00C04F79EFBC}") = "dtos", "dtos\dtos.csproj", "{7E7CCCF8-58D9-40D8-B3E2-170D8D00F83A}"
EndProject
Global
	GlobalSection(SolutionConfigurationPlatforms) = preSolution
		Debug|Any CPU = Debug|Any CPU
		Release|Any CPU = Release|Any CPU
	EndGlobalSection
	GlobalSection(ProjectConfigurationPlatforms) = postSolution
		{959D87DD-6590-4B2C-8AB3-6E7D66730401}.Debug|Any CPU.ActiveCfg = Debug|Any CPU
		{959D87DD-6590-4B2C-8AB3-6E7D66730401}.Debug|Any CPU.Build.0 = Debug|Any CPU
		{959D87DD-6590-4B2C-8AB3-6E7D66730401}.Release|Any CPU.ActiveCfg = Release|Any CPU
		{959D87DD-6590-4B2C-8AB3-6E7D66730401}.Release|Any CPU.Build.0 = Release|Any CPU
		{04ACE96E-F977-4575-8E39-967C3B2249C5}.Debug|Any CPU.ActiveCfg = Debug|Any CPU
		{04ACE96E-F977-4575-8E39-967C3B2249C5}.Debug|Any CPU.Build.0 = Debug|Any CPU
		{04ACE96E-F977-4575-8E39-967C3B2249C5}.Release|Any CPU.ActiveCfg = Release|Any CPU
		{04ACE96E-F977-4575-8E39-967C3B2249C5}.Release|Any CPU.Build.0 = Release|Any CPU
		{B33EC1DD-D600-4813-ACFC-2B0AFAB6FB75}.Debug|Any CPU.ActiveCfg = Debug|Any CPU
		{B33EC1DD-D600-4813-ACFC-2B0AFAB6FB75}.Debug|Any CPU.Build.0 = Debug|Any CPU
		{B33EC1DD-D600-4813-ACFC-2B0AFAB6FB75}.Release|Any CPU.ActiveCfg = Release|Any CPU
		{B33EC1DD-D600-4813-ACFC-2B0AFAB6FB75}.Release|Any CPU.Build.0 = Release|Any CPU
		{6C96DEF0-4858-45A0-9BED-04869E6A34CE}.Debug|Any CPU.ActiveCfg = Debug|Any CPU
		{6C96DEF0-4858-45A0-9BED-04869E6A34CE}.Debug|Any CPU.Build.0 = Debug|Any CPU
		{6C96DEF0-4858-45A0-9BED-04869E6A34CE}.Release|Any CPU.ActiveCfg = Release|Any CPU
		{6C96DEF0-4858-45A0-9BED-04869E6A34CE}.Release|Any CPU.Build.0 = Release|Any CPU
		{8EF60C26-B731-480D-AA1E-F954FB7EFA81}.Debug|Any CPU.ActiveCfg = Debug|Any CPU
		{8EF60C26-B731-480D-AA1E-F954FB7EFA81}.Debug|Any CPU.Build.0 = Debug|Any CPU
		{8EF60C26-B731-480D-AA1E-F954FB7EFA81}.Release|Any CPU.ActiveCfg = Release|Any CPU
		{8EF60C26-B731-480D-AA1E-F954FB7EFA81}.Release|Any CPU.Build.0 = Release|Any CPU
		{DD92DB70-053D-424B-B6E9-BCE8F5634B38}.Debug|Any CPU.ActiveCfg = Debug|Any CPU
		{DD92DB70-053D-424B-B6E9-BCE8F5634B38}.Debug|Any CPU.Build.0 = Debug|Any CPU
		{DD92DB70-053D-424B-B6E9-BCE8F5634B38}.Release|Any CPU.ActiveCfg = Release|Any CPU
		{DD92DB70-053D-424B-B6E9-BCE8F5634B38}.Release|Any CPU.Build.0 = Release|Any CPU
		{8A3F33A6-5845-4D31-9F42-C4F27A43564B}.Debug|Any CPU.ActiveCfg = Debug|Any CPU
		{8A3F33A6-5845-4D31-9F42-C4F27A43564B}.Debug|Any CPU.Build.0 = Debug|Any CPU
		{8A3F33A6-5845-4D31-9F42-C4F27A43564B}.Release|Any CPU.ActiveCfg = Release|Any CPU
		{8A3F33A6-5845-4D31-9F42-C4F27A43564B}.Release|Any CPU.Build.0 = Release|Any CPU
		{7E7CCCF8-58D9-40D8-B3E2-170D8D00F83A}.Debug|Any CPU.ActiveCfg = Debug|Any CPU
		{7E7CCCF8-58D9-40D8-B3E2-170D8D00F83A}.Debug|Any CPU.Build.0 = Debug|Any CPU
		{7E7CCCF8-58D9-40D8-B3E2-170D8D00F83A}.Release|Any CPU.ActiveCfg = Release|Any CPU
		{7E7CCCF8-58D9-40D8-B3E2-170D8D00F83A}.Release|Any CPU.Build.0 = Release|Any CPU
	EndGlobalSection
	GlobalSection(SolutionProperties) = preSolution
		HideSolutionNode = FALSE
	EndGlobalSection
	GlobalSection(ExtensibilityGlobals) = postSolution
		SolutionGuid = {0267F1C8-7DC1-476E-A012-3DC9608B6525}
	EndGlobalSection
EndGlobal
