
Microsoft Visual Studio Solution File, Format Version 12.00
# Visual Studio Version 17
VisualStudioVersion = 17.8.34330.188
MinimumVisualStudioVersion = 10.0.40219.1
Project("{9A19103F-16F7-4668-BE54-9A1E7A4F7556}") = "recipe", "recipe\recipe.csproj", "{5EE72CA1-03CF-4044-8840-94DC7CF0C3B3}"
EndProject
Project("{FAE04EC0-301F-11D3-BF4B-00C04F79EFBC}") = "recipe_web", "recipe_web\recipe_web.csproj", "{A8F61C8D-37CD-4391-B0AD-3AEC84E6F789}"
EndProject
Project("{FAE04EC0-301F-11D3-BF4B-00C04F79EFBC}") = "business_layer", "business_layer\business_layer.csproj", "{706CB085-AD9C-4457-9D72-F5B69F945ADC}"
EndProject
Project("{FAE04EC0-301F-11D3-BF4B-00C04F79EFBC}") = "data_access", "data_access\data_access.csproj", "{49B58873-8F66-4DEB-95EB-D4966DD8A392}"
EndProject
Global
	GlobalSection(SolutionConfigurationPlatforms) = preSolution
		Debug|Any CPU = Debug|Any CPU
		Release|Any CPU = Release|Any CPU
	EndGlobalSection
	GlobalSection(ProjectConfigurationPlatforms) = postSolution
		{5EE72CA1-03CF-4044-8840-94DC7CF0C3B3}.Debug|Any CPU.ActiveCfg = Debug|Any CPU
		{5EE72CA1-03CF-4044-8840-94DC7CF0C3B3}.Debug|Any CPU.Build.0 = Debug|Any CPU
		{5EE72CA1-03CF-4044-8840-94DC7CF0C3B3}.Release|Any CPU.ActiveCfg = Release|Any CPU
		{5EE72CA1-03CF-4044-8840-94DC7CF0C3B3}.Release|Any CPU.Build.0 = Release|Any CPU
		{A8F61C8D-37CD-4391-B0AD-3AEC84E6F789}.Debug|Any CPU.ActiveCfg = Debug|Any CPU
		{A8F61C8D-37CD-4391-B0AD-3AEC84E6F789}.Debug|Any CPU.Build.0 = Debug|Any CPU
		{A8F61C8D-37CD-4391-B0AD-3AEC84E6F789}.Release|Any CPU.ActiveCfg = Release|Any CPU
		{A8F61C8D-37CD-4391-B0AD-3AEC84E6F789}.Release|Any CPU.Build.0 = Release|Any CPU
		{706CB085-AD9C-4457-9D72-F5B69F945ADC}.Debug|Any CPU.ActiveCfg = Debug|Any CPU
		{706CB085-AD9C-4457-9D72-F5B69F945ADC}.Debug|Any CPU.Build.0 = Debug|Any CPU
		{706CB085-AD9C-4457-9D72-F5B69F945ADC}.Release|Any CPU.ActiveCfg = Release|Any CPU
		{706CB085-AD9C-4457-9D72-F5B69F945ADC}.Release|Any CPU.Build.0 = Release|Any CPU
		{49B58873-8F66-4DEB-95EB-D4966DD8A392}.Debug|Any CPU.ActiveCfg = Debug|Any CPU
		{49B58873-8F66-4DEB-95EB-D4966DD8A392}.Debug|Any CPU.Build.0 = Debug|Any CPU
		{49B58873-8F66-4DEB-95EB-D4966DD8A392}.Release|Any CPU.ActiveCfg = Release|Any CPU
		{49B58873-8F66-4DEB-95EB-D4966DD8A392}.Release|Any CPU.Build.0 = Release|Any CPU
	EndGlobalSection
	GlobalSection(SolutionProperties) = preSolution
		HideSolutionNode = FALSE
	EndGlobalSection
	GlobalSection(ExtensibilityGlobals) = postSolution
		SolutionGuid = {0267F1C8-7DC1-476E-A012-3DC9608B6525}
	EndGlobalSection
EndGlobal
