
Microsoft Visual Studio Solution File, Format Version 12.00
# Visual Studio Version 17
VisualStudioVersion = 17.8.34330.188
MinimumVisualStudioVersion = 10.0.40219.1
Project("{9A19103F-16F7-4668-BE54-9A1E7A4F7556}") = "data_access", "data_access\data_access.csproj", "{49B58873-8F66-4DEB-95EB-D4966DD8A392}"
EndProject
Project("{9A19103F-16F7-4668-BE54-9A1E7A4F7556}") = "recipe_desktop", "..\..\..\recipe_desktop\recipe_desktop.csproj", "{A1456AA2-7264-4D13-B848-BC74252E4624}"
EndProject
Project("{FAE04EC0-301F-11D3-BF4B-00C04F79EFBC}") = "logic_layer", "logic_layer\logic_layer.csproj", "{772689EF-A5ED-43CB-BCDF-267AC0148B7C}"
EndProject
Project("{FAE04EC0-301F-11D3-BF4B-00C04F79EFBC}") = "recipe_website", "recipe_website\recipe_website.csproj", "{5C8E81A5-CA54-495C-8A57-D4E82F5C8CCA}"
EndProject
Global
	GlobalSection(SolutionConfigurationPlatforms) = preSolution
		Debug|Any CPU = Debug|Any CPU
		Release|Any CPU = Release|Any CPU
	EndGlobalSection
	GlobalSection(ProjectConfigurationPlatforms) = postSolution
		{49B58873-8F66-4DEB-95EB-D4966DD8A392}.Debug|Any CPU.ActiveCfg = Debug|Any CPU
		{49B58873-8F66-4DEB-95EB-D4966DD8A392}.Debug|Any CPU.Build.0 = Debug|Any CPU
		{49B58873-8F66-4DEB-95EB-D4966DD8A392}.Release|Any CPU.ActiveCfg = Release|Any CPU
		{49B58873-8F66-4DEB-95EB-D4966DD8A392}.Release|Any CPU.Build.0 = Release|Any CPU
		{A1456AA2-7264-4D13-B848-BC74252E4624}.Debug|Any CPU.ActiveCfg = Debug|Any CPU
		{A1456AA2-7264-4D13-B848-BC74252E4624}.Debug|Any CPU.Build.0 = Debug|Any CPU
		{A1456AA2-7264-4D13-B848-BC74252E4624}.Release|Any CPU.ActiveCfg = Release|Any CPU
		{A1456AA2-7264-4D13-B848-BC74252E4624}.Release|Any CPU.Build.0 = Release|Any CPU
		{772689EF-A5ED-43CB-BCDF-267AC0148B7C}.Debug|Any CPU.ActiveCfg = Debug|Any CPU
		{772689EF-A5ED-43CB-BCDF-267AC0148B7C}.Debug|Any CPU.Build.0 = Debug|Any CPU
		{772689EF-A5ED-43CB-BCDF-267AC0148B7C}.Release|Any CPU.ActiveCfg = Release|Any CPU
		{772689EF-A5ED-43CB-BCDF-267AC0148B7C}.Release|Any CPU.Build.0 = Release|Any CPU
		{5C8E81A5-CA54-495C-8A57-D4E82F5C8CCA}.Debug|Any CPU.ActiveCfg = Debug|Any CPU
		{5C8E81A5-CA54-495C-8A57-D4E82F5C8CCA}.Debug|Any CPU.Build.0 = Debug|Any CPU
		{5C8E81A5-CA54-495C-8A57-D4E82F5C8CCA}.Release|Any CPU.ActiveCfg = Release|Any CPU
		{5C8E81A5-CA54-495C-8A57-D4E82F5C8CCA}.Release|Any CPU.Build.0 = Release|Any CPU
	EndGlobalSection
	GlobalSection(SolutionProperties) = preSolution
		HideSolutionNode = FALSE
	EndGlobalSection
	GlobalSection(ExtensibilityGlobals) = postSolution
		SolutionGuid = {0267F1C8-7DC1-476E-A012-3DC9608B6525}
	EndGlobalSection
EndGlobal
